// !$*UTF8*$!
{
	archiveVersion = 1;
	classes = {
	};
	objectVersion = 55;
	objects = {

/* Begin PBXBuildFile section */
		2968CB14277934CA00E6304A /* AppDelegate.swift in Sources */ = {isa = PBXBuildFile; fileRef = 2968CB13277934CA00E6304A /* AppDelegate.swift */; };
		2968CB16277934CA00E6304A /* SceneDelegate.swift in Sources */ = {isa = PBXBuildFile; fileRef = 2968CB15277934CA00E6304A /* SceneDelegate.swift */; };
		2968CB1D277934CB00E6304A /* Assets.xcassets in Resources */ = {isa = PBXBuildFile; fileRef = 2968CB1C277934CB00E6304A /* Assets.xcassets */; };
		2968CB20277934CB00E6304A /* LaunchScreen.storyboard in Resources */ = {isa = PBXBuildFile; fileRef = 2968CB1E277934CB00E6304A /* LaunchScreen.storyboard */; };
		2968CB2F2779355A00E6304A /* HomeScreenViewModelProtocol.swift in Sources */ = {isa = PBXBuildFile; fileRef = 2968CB2A2779355A00E6304A /* HomeScreenViewModelProtocol.swift */; };
		2968CB302779355A00E6304A /* HomeScreenViewController.swift in Sources */ = {isa = PBXBuildFile; fileRef = 2968CB2B2779355A00E6304A /* HomeScreenViewController.swift */; };
		2968CB322779355A00E6304A /* HomeScreenView.swift in Sources */ = {isa = PBXBuildFile; fileRef = 2968CB2D2779355A00E6304A /* HomeScreenView.swift */; };
		2968CB332779355A00E6304A /* HomeScreenViewModel.swift in Sources */ = {isa = PBXBuildFile; fileRef = 2968CB2E2779355A00E6304A /* HomeScreenViewModel.swift */; };
		2968CB36277940B200E6304A /* Character.swift in Sources */ = {isa = PBXBuildFile; fileRef = 2968CB35277940B200E6304A /* Character.swift */; };
		2968CB3D277943A600E6304A /* ServiceLayerProtocol.swift in Sources */ = {isa = PBXBuildFile; fileRef = 2968CB3C277943A600E6304A /* ServiceLayerProtocol.swift */; };
		2968CB3F277943AE00E6304A /* ServiceLayer.swift in Sources */ = {isa = PBXBuildFile; fileRef = 2968CB3E277943AE00E6304A /* ServiceLayer.swift */; };
		2968CB43277944D100E6304A /* RequestModel.swift in Sources */ = {isa = PBXBuildFile; fileRef = 2968CB42277944D100E6304A /* RequestModel.swift */; };
		2968CB452779462A00E6304A /* CharactersRequest.swift in Sources */ = {isa = PBXBuildFile; fileRef = 2968CB442779462A00E6304A /* CharactersRequest.swift */; };
		2968CB4927794B6800E6304A /* ErrorModel.swift in Sources */ = {isa = PBXBuildFile; fileRef = 2968CB4827794B6800E6304A /* ErrorModel.swift */; };
		2968CB4E27794DC100E6304A /* HomeScreenServices.swift in Sources */ = {isa = PBXBuildFile; fileRef = 2968CB4D27794DC100E6304A /* HomeScreenServices.swift */; };
		2968CB512779605900E6304A /* CharacterTableViewCell.swift in Sources */ = {isa = PBXBuildFile; fileRef = 2968CB502779605900E6304A /* CharacterTableViewCell.swift */; };
		296EE251277A2A9C00E380AF /* NarutoWikiTests.swift in Sources */ = {isa = PBXBuildFile; fileRef = 296EE250277A2A9C00E380AF /* NarutoWikiTests.swift */; };
		296EE259277A2D8700E380AF /* ServiceLayerMock.swift in Sources */ = {isa = PBXBuildFile; fileRef = 296EE258277A2D8700E380AF /* ServiceLayerMock.swift */; };
		296EE25C277A308700E380AF /* MockEnumType.swift in Sources */ = {isa = PBXBuildFile; fileRef = 296EE25B277A308700E380AF /* MockEnumType.swift */; };
		296EE25F277A30CB00E380AF /* AllCharacters.json in Resources */ = {isa = PBXBuildFile; fileRef = 296EE25E277A30CB00E380AF /* AllCharacters.json */; };
		296EE261277A313E00E380AF /* GenericError.json in Resources */ = {isa = PBXBuildFile; fileRef = 296EE260277A313E00E380AF /* GenericError.json */; };
		296EE265277A31A500E380AF /* HomeScreenServicesTest.swift in Sources */ = {isa = PBXBuildFile; fileRef = 296EE264277A31A500E380AF /* HomeScreenServicesTest.swift */; };
/* End PBXBuildFile section */

/* Begin PBXContainerItemProxy section */
		296EE252277A2A9C00E380AF /* PBXContainerItemProxy */ = {
			isa = PBXContainerItemProxy;
			containerPortal = 2968CB08277934CA00E6304A /* Project object */;
			proxyType = 1;
			remoteGlobalIDString = 2968CB0F277934CA00E6304A;
			remoteInfo = NarutoWiki;
		};
/* End PBXContainerItemProxy section */

/* Begin PBXFileReference section */
		2968CB10277934CA00E6304A /* NarutoWiki.app */ = {isa = PBXFileReference; explicitFileType = wrapper.application; includeInIndex = 0; path = NarutoWiki.app; sourceTree = BUILT_PRODUCTS_DIR; };
		2968CB13277934CA00E6304A /* AppDelegate.swift */ = {isa = PBXFileReference; lastKnownFileType = sourcecode.swift; path = AppDelegate.swift; sourceTree = "<group>"; };
		2968CB15277934CA00E6304A /* SceneDelegate.swift */ = {isa = PBXFileReference; lastKnownFileType = sourcecode.swift; path = SceneDelegate.swift; sourceTree = "<group>"; };
		2968CB1C277934CB00E6304A /* Assets.xcassets */ = {isa = PBXFileReference; lastKnownFileType = folder.assetcatalog; path = Assets.xcassets; sourceTree = "<group>"; };
		2968CB1F277934CB00E6304A /* Base */ = {isa = PBXFileReference; lastKnownFileType = file.storyboard; name = Base; path = Base.lproj/LaunchScreen.storyboard; sourceTree = "<group>"; };
		2968CB21277934CB00E6304A /* Info.plist */ = {isa = PBXFileReference; lastKnownFileType = text.plist.xml; path = Info.plist; sourceTree = "<group>"; };
		2968CB2A2779355A00E6304A /* HomeScreenViewModelProtocol.swift */ = {isa = PBXFileReference; lastKnownFileType = sourcecode.swift; path = HomeScreenViewModelProtocol.swift; sourceTree = "<group>"; };
		2968CB2B2779355A00E6304A /* HomeScreenViewController.swift */ = {isa = PBXFileReference; lastKnownFileType = sourcecode.swift; path = HomeScreenViewController.swift; sourceTree = "<group>"; };
		2968CB2D2779355A00E6304A /* HomeScreenView.swift */ = {isa = PBXFileReference; lastKnownFileType = sourcecode.swift; path = HomeScreenView.swift; sourceTree = "<group>"; };
		2968CB2E2779355A00E6304A /* HomeScreenViewModel.swift */ = {isa = PBXFileReference; lastKnownFileType = sourcecode.swift; path = HomeScreenViewModel.swift; sourceTree = "<group>"; };
		2968CB35277940B200E6304A /* Character.swift */ = {isa = PBXFileReference; lastKnownFileType = sourcecode.swift; path = Character.swift; sourceTree = "<group>"; };
		2968CB3C277943A600E6304A /* ServiceLayerProtocol.swift */ = {isa = PBXFileReference; lastKnownFileType = sourcecode.swift; path = ServiceLayerProtocol.swift; sourceTree = "<group>"; };
		2968CB3E277943AE00E6304A /* ServiceLayer.swift */ = {isa = PBXFileReference; lastKnownFileType = sourcecode.swift; path = ServiceLayer.swift; sourceTree = "<group>"; };
		2968CB42277944D100E6304A /* RequestModel.swift */ = {isa = PBXFileReference; lastKnownFileType = sourcecode.swift; path = RequestModel.swift; sourceTree = "<group>"; };
		2968CB442779462A00E6304A /* CharactersRequest.swift */ = {isa = PBXFileReference; lastKnownFileType = sourcecode.swift; path = CharactersRequest.swift; sourceTree = "<group>"; };
		2968CB4827794B6800E6304A /* ErrorModel.swift */ = {isa = PBXFileReference; lastKnownFileType = sourcecode.swift; path = ErrorModel.swift; sourceTree = "<group>"; };
		2968CB4D27794DC100E6304A /* HomeScreenServices.swift */ = {isa = PBXFileReference; lastKnownFileType = sourcecode.swift; path = HomeScreenServices.swift; sourceTree = "<group>"; };
		2968CB502779605900E6304A /* CharacterTableViewCell.swift */ = {isa = PBXFileReference; lastKnownFileType = sourcecode.swift; path = CharacterTableViewCell.swift; sourceTree = "<group>"; };
		296EE24E277A2A9C00E380AF /* NarutoWikiTests.xctest */ = {isa = PBXFileReference; explicitFileType = wrapper.cfbundle; includeInIndex = 0; path = NarutoWikiTests.xctest; sourceTree = BUILT_PRODUCTS_DIR; };
		296EE250277A2A9C00E380AF /* NarutoWikiTests.swift */ = {isa = PBXFileReference; lastKnownFileType = sourcecode.swift; path = NarutoWikiTests.swift; sourceTree = "<group>"; };
		296EE258277A2D8700E380AF /* ServiceLayerMock.swift */ = {isa = PBXFileReference; lastKnownFileType = sourcecode.swift; path = ServiceLayerMock.swift; sourceTree = "<group>"; };
		296EE25B277A308700E380AF /* MockEnumType.swift */ = {isa = PBXFileReference; lastKnownFileType = sourcecode.swift; path = MockEnumType.swift; sourceTree = "<group>"; };
		296EE25E277A30CB00E380AF /* AllCharacters.json */ = {isa = PBXFileReference; lastKnownFileType = text.json; path = AllCharacters.json; sourceTree = "<group>"; };
		296EE260277A313E00E380AF /* GenericError.json */ = {isa = PBXFileReference; lastKnownFileType = text.json; path = GenericError.json; sourceTree = "<group>"; };
		296EE264277A31A500E380AF /* HomeScreenServicesTest.swift */ = {isa = PBXFileReference; lastKnownFileType = sourcecode.swift; path = HomeScreenServicesTest.swift; sourceTree = "<group>"; };
/* End PBXFileReference section */

/* Begin PBXFrameworksBuildPhase section */
		2968CB0D277934CA00E6304A /* Frameworks */ = {
			isa = PBXFrameworksBuildPhase;
			buildActionMask = 2147483647;
			files = (
			);
			runOnlyForDeploymentPostprocessing = 0;
		};
		296EE24B277A2A9C00E380AF /* Frameworks */ = {
			isa = PBXFrameworksBuildPhase;
			buildActionMask = 2147483647;
			files = (
			);
			runOnlyForDeploymentPostprocessing = 0;
		};
/* End PBXFrameworksBuildPhase section */

/* Begin PBXGroup section */
		2968CB07277934CA00E6304A = {
			isa = PBXGroup;
			children = (
				2968CB12277934CA00E6304A /* NarutoWiki */,
				296EE24F277A2A9C00E380AF /* NarutoWikiTests */,
				2968CB11277934CA00E6304A /* Products */,
			);
			sourceTree = "<group>";
		};
		2968CB11277934CA00E6304A /* Products */ = {
			isa = PBXGroup;
			children = (
				2968CB10277934CA00E6304A /* NarutoWiki.app */,
				296EE24E277A2A9C00E380AF /* NarutoWikiTests.xctest */,
			);
			name = Products;
			sourceTree = "<group>";
		};
		2968CB12277934CA00E6304A /* NarutoWiki */ = {
			isa = PBXGroup;
			children = (
				2968CB37277942BC00E6304A /* Network */,
				2968CB28277934E000E6304A /* Modules */,
				2968CB27277934DA00E6304A /* Application */,
				2968CB21277934CB00E6304A /* Info.plist */,
			);
			path = NarutoWiki;
			sourceTree = "<group>";
		};
		2968CB27277934DA00E6304A /* Application */ = {
			isa = PBXGroup;
			children = (
				2968CB1E277934CB00E6304A /* LaunchScreen.storyboard */,
				2968CB1C277934CB00E6304A /* Assets.xcassets */,
				2968CB13277934CA00E6304A /* AppDelegate.swift */,
				2968CB15277934CA00E6304A /* SceneDelegate.swift */,
			);
			path = Application;
			sourceTree = "<group>";
		};
		2968CB28277934E000E6304A /* Modules */ = {
			isa = PBXGroup;
			children = (
				2968CB292779350500E6304A /* HomeScreen */,
			);
			path = Modules;
			sourceTree = "<group>";
		};
		2968CB292779350500E6304A /* HomeScreen */ = {
			isa = PBXGroup;
			children = (
				296EE291277A48FB00E380AF /* Model */,
				2968CB4B27794DA200E6304A /* Service */,
				2968CB4A27794D9C00E6304A /* View */,
				2968CB4C27794DA500E6304A /* ViewModel */,
			);
			path = HomeScreen;
			sourceTree = "<group>";
		};
		2968CB37277942BC00E6304A /* Network */ = {
			isa = PBXGroup;
			children = (
				2968CB3B2779439900E6304A /* Base */,
				2968CB392779439100E6304A /* Request */,
				2968CB382779438B00E6304A /* ServiceLayer */,
			);
			path = Network;
			sourceTree = "<group>";
		};
		2968CB382779438B00E6304A /* ServiceLayer */ = {
			isa = PBXGroup;
			children = (
				2968CB3C277943A600E6304A /* ServiceLayerProtocol.swift */,
				2968CB3E277943AE00E6304A /* ServiceLayer.swift */,
			);
			path = ServiceLayer;
			sourceTree = "<group>";
		};
		2968CB392779439100E6304A /* Request */ = {
			isa = PBXGroup;
			children = (
				2968CB442779462A00E6304A /* CharactersRequest.swift */,
			);
			path = Request;
			sourceTree = "<group>";
		};
		2968CB3B2779439900E6304A /* Base */ = {
			isa = PBXGroup;
			children = (
				2968CB42277944D100E6304A /* RequestModel.swift */,
				2968CB4827794B6800E6304A /* ErrorModel.swift */,
			);
			path = Base;
			sourceTree = "<group>";
		};
		2968CB4A27794D9C00E6304A /* View */ = {
			isa = PBXGroup;
			children = (
				2968CB4F2779604000E6304A /* Cell */,
				2968CB2D2779355A00E6304A /* HomeScreenView.swift */,
				2968CB2B2779355A00E6304A /* HomeScreenViewController.swift */,
			);
			path = View;
			sourceTree = "<group>";
		};
		2968CB4B27794DA200E6304A /* Service */ = {
			isa = PBXGroup;
			children = (
				2968CB4D27794DC100E6304A /* HomeScreenServices.swift */,
			);
			path = Service;
			sourceTree = "<group>";
		};
		2968CB4C27794DA500E6304A /* ViewModel */ = {
			isa = PBXGroup;
			children = (
				2968CB2A2779355A00E6304A /* HomeScreenViewModelProtocol.swift */,
				2968CB2E2779355A00E6304A /* HomeScreenViewModel.swift */,
			);
			path = ViewModel;
			sourceTree = "<group>";
		};
		2968CB4F2779604000E6304A /* Cell */ = {
			isa = PBXGroup;
			children = (
				2968CB502779605900E6304A /* CharacterTableViewCell.swift */,
			);
			path = Cell;
			sourceTree = "<group>";
		};
		296EE24F277A2A9C00E380AF /* NarutoWikiTests */ = {
			isa = PBXGroup;
			children = (
				296EE262277A316400E380AF /* Module */,
				296EE257277A2D7500E380AF /* Mock */,
				296EE250277A2A9C00E380AF /* NarutoWikiTests.swift */,
			);
			path = NarutoWikiTests;
			sourceTree = "<group>";
		};
		296EE257277A2D7500E380AF /* Mock */ = {
			isa = PBXGroup;
			children = (
				296EE25D277A30B900E380AF /* Files */,
				296EE25B277A308700E380AF /* MockEnumType.swift */,
				296EE258277A2D8700E380AF /* ServiceLayerMock.swift */,
			);
			path = Mock;
			sourceTree = "<group>";
		};
		296EE25D277A30B900E380AF /* Files */ = {
			isa = PBXGroup;
			children = (
				296EE25E277A30CB00E380AF /* AllCharacters.json */,
				296EE260277A313E00E380AF /* GenericError.json */,
			);
			path = Files;
			sourceTree = "<group>";
		};
		296EE262277A316400E380AF /* Module */ = {
			isa = PBXGroup;
			children = (
				296EE263277A319300E380AF /* Services */,
			);
			path = Module;
			sourceTree = "<group>";
		};
		296EE263277A319300E380AF /* Services */ = {
			isa = PBXGroup;
			children = (
				296EE264277A31A500E380AF /* HomeScreenServicesTest.swift */,
			);
			path = Services;
			sourceTree = "<group>";
		};
		296EE291277A48FB00E380AF /* Model */ = {
			isa = PBXGroup;
			children = (
				2968CB35277940B200E6304A /* Character.swift */,
			);
			path = Model;
			sourceTree = "<group>";
		};
/* End PBXGroup section */

/* Begin PBXNativeTarget section */
		2968CB0F277934CA00E6304A /* NarutoWiki */ = {
			isa = PBXNativeTarget;
			buildConfigurationList = 2968CB24277934CB00E6304A /* Build configuration list for PBXNativeTarget "NarutoWiki" */;
			buildPhases = (
				2968CB0C277934CA00E6304A /* Sources */,
				2968CB0D277934CA00E6304A /* Frameworks */,
				2968CB0E277934CA00E6304A /* Resources */,
			);
			buildRules = (
			);
			dependencies = (
			);
			name = NarutoWiki;
			productName = NarutoWiki;
			productReference = 2968CB10277934CA00E6304A /* NarutoWiki.app */;
			productType = "com.apple.product-type.application";
		};
		296EE24D277A2A9C00E380AF /* NarutoWikiTests */ = {
			isa = PBXNativeTarget;
			buildConfigurationList = 296EE256277A2A9C00E380AF /* Build configuration list for PBXNativeTarget "NarutoWikiTests" */;
			buildPhases = (
				296EE24A277A2A9C00E380AF /* Sources */,
				296EE24B277A2A9C00E380AF /* Frameworks */,
				296EE24C277A2A9C00E380AF /* Resources */,
			);
			buildRules = (
			);
			dependencies = (
				296EE253277A2A9C00E380AF /* PBXTargetDependency */,
			);
			name = NarutoWikiTests;
			productName = NarutoWikiTests;
			productReference = 296EE24E277A2A9C00E380AF /* NarutoWikiTests.xctest */;
			productType = "com.apple.product-type.bundle.unit-test";
		};
/* End PBXNativeTarget section */

/* Begin PBXProject section */
		2968CB08277934CA00E6304A /* Project object */ = {
			isa = PBXProject;
			attributes = {
				BuildIndependentTargetsInParallel = 1;
				LastSwiftUpdateCheck = 1320;
				LastUpgradeCheck = 1320;
				TargetAttributes = {
					2968CB0F277934CA00E6304A = {
						CreatedOnToolsVersion = 13.2.1;
					};
					296EE24D277A2A9C00E380AF = {
						CreatedOnToolsVersion = 13.2.1;
						TestTargetID = 2968CB0F277934CA00E6304A;
					};
				};
			};
			buildConfigurationList = 2968CB0B277934CA00E6304A /* Build configuration list for PBXProject "NarutoWiki" */;
			compatibilityVersion = "Xcode 13.0";
			developmentRegion = en;
			hasScannedForEncodings = 0;
			knownRegions = (
				en,
				Base,
			);
			mainGroup = 2968CB07277934CA00E6304A;
			productRefGroup = 2968CB11277934CA00E6304A /* Products */;
			projectDirPath = "";
			projectRoot = "";
			targets = (
				2968CB0F277934CA00E6304A /* NarutoWiki */,
				296EE24D277A2A9C00E380AF /* NarutoWikiTests */,
			);
		};
/* End PBXProject section */

/* Begin PBXResourcesBuildPhase section */
		2968CB0E277934CA00E6304A /* Resources */ = {
			isa = PBXResourcesBuildPhase;
			buildActionMask = 2147483647;
			files = (
				2968CB20277934CB00E6304A /* LaunchScreen.storyboard in Resources */,
				2968CB1D277934CB00E6304A /* Assets.xcassets in Resources */,
			);
			runOnlyForDeploymentPostprocessing = 0;
		};
		296EE24C277A2A9C00E380AF /* Resources */ = {
			isa = PBXResourcesBuildPhase;
			buildActionMask = 2147483647;
			files = (
				296EE261277A313E00E380AF /* GenericError.json in Resources */,
				296EE25F277A30CB00E380AF /* AllCharacters.json in Resources */,
			);
			runOnlyForDeploymentPostprocessing = 0;
		};
/* End PBXResourcesBuildPhase section */

/* Begin PBXSourcesBuildPhase section */
		2968CB0C277934CA00E6304A /* Sources */ = {
			isa = PBXSourcesBuildPhase;
			buildActionMask = 2147483647;
			files = (
				2968CB4E27794DC100E6304A /* HomeScreenServices.swift in Sources */,
				2968CB14277934CA00E6304A /* AppDelegate.swift in Sources */,
				2968CB512779605900E6304A /* CharacterTableViewCell.swift in Sources */,
				2968CB332779355A00E6304A /* HomeScreenViewModel.swift in Sources */,
				2968CB36277940B200E6304A /* Character.swift in Sources */,
				2968CB302779355A00E6304A /* HomeScreenViewController.swift in Sources */,
				2968CB322779355A00E6304A /* HomeScreenView.swift in Sources */,
				2968CB4927794B6800E6304A /* ErrorModel.swift in Sources */,
				2968CB3D277943A600E6304A /* ServiceLayerProtocol.swift in Sources */,
				2968CB43277944D100E6304A /* RequestModel.swift in Sources */,
				2968CB16277934CA00E6304A /* SceneDelegate.swift in Sources */,
				2968CB452779462A00E6304A /* CharactersRequest.swift in Sources */,
				2968CB3F277943AE00E6304A /* ServiceLayer.swift in Sources */,
				2968CB2F2779355A00E6304A /* HomeScreenViewModelProtocol.swift in Sources */,
			);
			runOnlyForDeploymentPostprocessing = 0;
		};
		296EE24A277A2A9C00E380AF /* Sources */ = {
			isa = PBXSourcesBuildPhase;
			buildActionMask = 2147483647;
			files = (
				296EE265277A31A500E380AF /* HomeScreenServicesTest.swift in Sources */,
				296EE251277A2A9C00E380AF /* NarutoWikiTests.swift in Sources */,
				296EE259277A2D8700E380AF /* ServiceLayerMock.swift in Sources */,
				296EE25C277A308700E380AF /* MockEnumType.swift in Sources */,
			);
			runOnlyForDeploymentPostprocessing = 0;
		};
/* End PBXSourcesBuildPhase section */

/* Begin PBXTargetDependency section */
		296EE253277A2A9C00E380AF /* PBXTargetDependency */ = {
			isa = PBXTargetDependency;
			target = 2968CB0F277934CA00E6304A /* NarutoWiki */;
			targetProxy = 296EE252277A2A9C00E380AF /* PBXContainerItemProxy */;
		};
/* End PBXTargetDependency section */

/* Begin PBXVariantGroup section */
		2968CB1E277934CB00E6304A /* LaunchScreen.storyboard */ = {
			isa = PBXVariantGroup;
			children = (
				2968CB1F277934CB00E6304A /* Base */,
			);
			name = LaunchScreen.storyboard;
			sourceTree = "<group>";
		};
/* End PBXVariantGroup section */

/* Begin XCBuildConfiguration section */
		2968CB22277934CB00E6304A /* Debug */ = {
			isa = XCBuildConfiguration;
			buildSettings = {
				ALWAYS_SEARCH_USER_PATHS = NO;
				CLANG_ANALYZER_NONNULL = YES;
				CLANG_ANALYZER_NUMBER_OBJECT_CONVERSION = YES_AGGRESSIVE;
				CLANG_CXX_LANGUAGE_STANDARD = "gnu++17";
				CLANG_CXX_LIBRARY = "libc++";
				CLANG_ENABLE_MODULES = YES;
				CLANG_ENABLE_OBJC_ARC = YES;
				CLANG_ENABLE_OBJC_WEAK = YES;
				CLANG_WARN_BLOCK_CAPTURE_AUTORELEASING = YES;
				CLANG_WARN_BOOL_CONVERSION = YES;
				CLANG_WARN_COMMA = YES;
				CLANG_WARN_CONSTANT_CONVERSION = YES;
				CLANG_WARN_DEPRECATED_OBJC_IMPLEMENTATIONS = YES;
				CLANG_WARN_DIRECT_OBJC_ISA_USAGE = YES_ERROR;
				CLANG_WARN_DOCUMENTATION_COMMENTS = YES;
				CLANG_WARN_EMPTY_BODY = YES;
				CLANG_WARN_ENUM_CONVERSION = YES;
				CLANG_WARN_INFINITE_RECURSION = YES;
				CLANG_WARN_INT_CONVERSION = YES;
				CLANG_WARN_NON_LITERAL_NULL_CONVERSION = YES;
				CLANG_WARN_OBJC_IMPLICIT_RETAIN_SELF = YES;
				CLANG_WARN_OBJC_LITERAL_CONVERSION = YES;
				CLANG_WARN_OBJC_ROOT_CLASS = YES_ERROR;
				CLANG_WARN_QUOTED_INCLUDE_IN_FRAMEWORK_HEADER = YES;
				CLANG_WARN_RANGE_LOOP_ANALYSIS = YES;
				CLANG_WARN_STRICT_PROTOTYPES = YES;
				CLANG_WARN_SUSPICIOUS_MOVE = YES;
				CLANG_WARN_UNGUARDED_AVAILABILITY = YES_AGGRESSIVE;
				CLANG_WARN_UNREACHABLE_CODE = YES;
				CLANG_WARN__DUPLICATE_METHOD_MATCH = YES;
				COPY_PHASE_STRIP = NO;
				DEBUG_INFORMATION_FORMAT = dwarf;
				ENABLE_STRICT_OBJC_MSGSEND = YES;
				ENABLE_TESTABILITY = YES;
				GCC_C_LANGUAGE_STANDARD = gnu11;
				GCC_DYNAMIC_NO_PIC = NO;
				GCC_NO_COMMON_BLOCKS = YES;
				GCC_OPTIMIZATION_LEVEL = 0;
				GCC_PREPROCESSOR_DEFINITIONS = (
					"DEBUG=1",
					"$(inherited)",
				);
				GCC_WARN_64_TO_32_BIT_CONVERSION = YES;
				GCC_WARN_ABOUT_RETURN_TYPE = YES_ERROR;
				GCC_WARN_UNDECLARED_SELECTOR = YES;
				GCC_WARN_UNINITIALIZED_AUTOS = YES_AGGRESSIVE;
				GCC_WARN_UNUSED_FUNCTION = YES;
				GCC_WARN_UNUSED_VARIABLE = YES;
				IPHONEOS_DEPLOYMENT_TARGET = 15.2;
				MTL_ENABLE_DEBUG_INFO = INCLUDE_SOURCE;
				MTL_FAST_MATH = YES;
				ONLY_ACTIVE_ARCH = YES;
				SDKROOT = iphoneos;
				SWIFT_ACTIVE_COMPILATION_CONDITIONS = DEBUG;
				SWIFT_OPTIMIZATION_LEVEL = "-Onone";
			};
			name = Debug;
		};
		2968CB23277934CB00E6304A /* Release */ = {
			isa = XCBuildConfiguration;
			buildSettings = {
				ALWAYS_SEARCH_USER_PATHS = NO;
				CLANG_ANALYZER_NONNULL = YES;
				CLANG_ANALYZER_NUMBER_OBJECT_CONVERSION = YES_AGGRESSIVE;
				CLANG_CXX_LANGUAGE_STANDARD = "gnu++17";
				CLANG_CXX_LIBRARY = "libc++";
				CLANG_ENABLE_MODULES = YES;
				CLANG_ENABLE_OBJC_ARC = YES;
				CLANG_ENABLE_OBJC_WEAK = YES;
				CLANG_WARN_BLOCK_CAPTURE_AUTORELEASING = YES;
				CLANG_WARN_BOOL_CONVERSION = YES;
				CLANG_WARN_COMMA = YES;
				CLANG_WARN_CONSTANT_CONVERSION = YES;
				CLANG_WARN_DEPRECATED_OBJC_IMPLEMENTATIONS = YES;
				CLANG_WARN_DIRECT_OBJC_ISA_USAGE = YES_ERROR;
				CLANG_WARN_DOCUMENTATION_COMMENTS = YES;
				CLANG_WARN_EMPTY_BODY = YES;
				CLANG_WARN_ENUM_CONVERSION = YES;
				CLANG_WARN_INFINITE_RECURSION = YES;
				CLANG_WARN_INT_CONVERSION = YES;
				CLANG_WARN_NON_LITERAL_NULL_CONVERSION = YES;
				CLANG_WARN_OBJC_IMPLICIT_RETAIN_SELF = YES;
				CLANG_WARN_OBJC_LITERAL_CONVERSION = YES;
				CLANG_WARN_OBJC_ROOT_CLASS = YES_ERROR;
				CLANG_WARN_QUOTED_INCLUDE_IN_FRAMEWORK_HEADER = YES;
				CLANG_WARN_RANGE_LOOP_ANALYSIS = YES;
				CLANG_WARN_STRICT_PROTOTYPES = YES;
				CLANG_WARN_SUSPICIOUS_MOVE = YES;
				CLANG_WARN_UNGUARDED_AVAILABILITY = YES_AGGRESSIVE;
				CLANG_WARN_UNREACHABLE_CODE = YES;
				CLANG_WARN__DUPLICATE_METHOD_MATCH = YES;
				COPY_PHASE_STRIP = NO;
				DEBUG_INFORMATION_FORMAT = "dwarf-with-dsym";
				ENABLE_NS_ASSERTIONS = NO;
				ENABLE_STRICT_OBJC_MSGSEND = YES;
				GCC_C_LANGUAGE_STANDARD = gnu11;
				GCC_NO_COMMON_BLOCKS = YES;
				GCC_WARN_64_TO_32_BIT_CONVERSION = YES;
				GCC_WARN_ABOUT_RETURN_TYPE = YES_ERROR;
				GCC_WARN_UNDECLARED_SELECTOR = YES;
				GCC_WARN_UNINITIALIZED_AUTOS = YES_AGGRESSIVE;
				GCC_WARN_UNUSED_FUNCTION = YES;
				GCC_WARN_UNUSED_VARIABLE = YES;
				IPHONEOS_DEPLOYMENT_TARGET = 15.2;
				MTL_ENABLE_DEBUG_INFO = NO;
				MTL_FAST_MATH = YES;
				SDKROOT = iphoneos;
				SWIFT_COMPILATION_MODE = wholemodule;
				SWIFT_OPTIMIZATION_LEVEL = "-O";
				VALIDATE_PRODUCT = YES;
			};
			name = Release;
		};
		2968CB25277934CB00E6304A /* Debug */ = {
			isa = XCBuildConfiguration;
			buildSettings = {
				ASSETCATALOG_COMPILER_APPICON_NAME = AppIcon;
				ASSETCATALOG_COMPILER_GLOBAL_ACCENT_COLOR_NAME = AccentColor;
				CODE_SIGN_STYLE = Automatic;
				CURRENT_PROJECT_VERSION = 1;
				DEVELOPMENT_TEAM = Q2ND2U87N3;
				GENERATE_INFOPLIST_FILE = YES;
				INFOPLIST_FILE = NarutoWiki/Info.plist;
				INFOPLIST_KEY_UIApplicationSupportsIndirectInputEvents = YES;
				INFOPLIST_KEY_UILaunchStoryboardName = LaunchScreen;
				INFOPLIST_KEY_UISupportedInterfaceOrientations_iPad = "UIInterfaceOrientationPortrait UIInterfaceOrientationPortraitUpsideDown UIInterfaceOrientationLandscapeLeft UIInterfaceOrientationLandscapeRight";
				INFOPLIST_KEY_UISupportedInterfaceOrientations_iPhone = "UIInterfaceOrientationPortrait UIInterfaceOrientationLandscapeLeft UIInterfaceOrientationLandscapeRight";
				LD_RUNPATH_SEARCH_PATHS = (
					"$(inherited)",
					"@executable_path/Frameworks",
				);
				MARKETING_VERSION = 1.0;
				PRODUCT_BUNDLE_IDENTIFIER = com.brenner.NarutoWiki;
				PRODUCT_NAME = "$(TARGET_NAME)";
				SWIFT_EMIT_LOC_STRINGS = YES;
				SWIFT_VERSION = 5.0;
				TARGETED_DEVICE_FAMILY = "1,2";
			};
			name = Debug;
		};
		2968CB26277934CB00E6304A /* Release */ = {
			isa = XCBuildConfiguration;
			buildSettings = {
				ASSETCATALOG_COMPILER_APPICON_NAME = AppIcon;
				ASSETCATALOG_COMPILER_GLOBAL_ACCENT_COLOR_NAME = AccentColor;
				CODE_SIGN_STYLE = Automatic;
				CURRENT_PROJECT_VERSION = 1;
				DEVELOPMENT_TEAM = Q2ND2U87N3;
				GENERATE_INFOPLIST_FILE = YES;
				INFOPLIST_FILE = NarutoWiki/Info.plist;
				INFOPLIST_KEY_UIApplicationSupportsIndirectInputEvents = YES;
				INFOPLIST_KEY_UILaunchStoryboardName = LaunchScreen;
				INFOPLIST_KEY_UISupportedInterfaceOrientations_iPad = "UIInterfaceOrientationPortrait UIInterfaceOrientationPortraitUpsideDown UIInterfaceOrientationLandscapeLeft UIInterfaceOrientationLandscapeRight";
				INFOPLIST_KEY_UISupportedInterfaceOrientations_iPhone = "UIInterfaceOrientationPortrait UIInterfaceOrientationLandscapeLeft UIInterfaceOrientationLandscapeRight";
				LD_RUNPATH_SEARCH_PATHS = (
					"$(inherited)",
					"@executable_path/Frameworks",
				);
				MARKETING_VERSION = 1.0;
				PRODUCT_BUNDLE_IDENTIFIER = com.brenner.NarutoWiki;
				PRODUCT_NAME = "$(TARGET_NAME)";
				SWIFT_EMIT_LOC_STRINGS = YES;
				SWIFT_VERSION = 5.0;
				TARGETED_DEVICE_FAMILY = "1,2";
			};
			name = Release;
		};
		296EE254277A2A9C00E380AF /* Debug */ = {
			isa = XCBuildConfiguration;
			buildSettings = {
				BUNDLE_LOADER = "$(TEST_HOST)";
				CODE_SIGN_STYLE = Automatic;
				CURRENT_PROJECT_VERSION = 1;
				DEVELOPMENT_TEAM = Q2ND2U87N3;
				GENERATE_INFOPLIST_FILE = YES;
				MARKETING_VERSION = 1.0;
				PRODUCT_BUNDLE_IDENTIFIER = com.brenner.NarutoWikiTests;
				PRODUCT_NAME = "$(TARGET_NAME)";
				SWIFT_EMIT_LOC_STRINGS = NO;
				SWIFT_VERSION = 5.0;
				TARGETED_DEVICE_FAMILY = "1,2";
				TEST_HOST = "$(BUILT_PRODUCTS_DIR)/NarutoWiki.app/NarutoWiki";
			};
			name = Debug;
		};
		296EE255277A2A9C00E380AF /* Release */ = {
			isa = XCBuildConfiguration;
			buildSettings = {
				BUNDLE_LOADER = "$(TEST_HOST)";
				CODE_SIGN_STYLE = Automatic;
				CURRENT_PROJECT_VERSION = 1;
				DEVELOPMENT_TEAM = Q2ND2U87N3;
				GENERATE_INFOPLIST_FILE = YES;
				MARKETING_VERSION = 1.0;
				PRODUCT_BUNDLE_IDENTIFIER = com.brenner.NarutoWikiTests;
				PRODUCT_NAME = "$(TARGET_NAME)";
				SWIFT_EMIT_LOC_STRINGS = NO;
				SWIFT_VERSION = 5.0;
				TARGETED_DEVICE_FAMILY = "1,2";
				TEST_HOST = "$(BUILT_PRODUCTS_DIR)/NarutoWiki.app/NarutoWiki";
			};
			name = Release;
		};
/* End XCBuildConfiguration section */

/* Begin XCConfigurationList section */
		2968CB0B277934CA00E6304A /* Build configuration list for PBXProject "NarutoWiki" */ = {
			isa = XCConfigurationList;
			buildConfigurations = (
				2968CB22277934CB00E6304A /* Debug */,
				2968CB23277934CB00E6304A /* Release */,
			);
			defaultConfigurationIsVisible = 0;
			defaultConfigurationName = Release;
		};
		2968CB24277934CB00E6304A /* Build configuration list for PBXNativeTarget "NarutoWiki" */ = {
			isa = XCConfigurationList;
			buildConfigurations = (
				2968CB25277934CB00E6304A /* Debug */,
				2968CB26277934CB00E6304A /* Release */,
			);
			defaultConfigurationIsVisible = 0;
			defaultConfigurationName = Release;
		};
		296EE256277A2A9C00E380AF /* Build configuration list for PBXNativeTarget "NarutoWikiTests" */ = {
			isa = XCConfigurationList;
			buildConfigurations = (
				296EE254277A2A9C00E380AF /* Debug */,
				296EE255277A2A9C00E380AF /* Release */,
			);
			defaultConfigurationIsVisible = 0;
			defaultConfigurationName = Release;
		};
/* End XCConfigurationList section */
	};
	rootObject = 2968CB08277934CA00E6304A /* Project object */;
}
